
Microsoft Visual Studio Solution File, Format Version 12.00
# Visual Studio Version 17
VisualStudioVersion = 17.5.33414.496
MinimumVisualStudioVersion = 10.0.40219.1
Project("{8BC9CEB8-8B4A-11D0-8D11-00A0C91BC942}") = "Game", "Source\Game\Game.vcxproj", "{876EFC80-3B66-4685-A986-D86711F55FC3}"
EndProject
Project("{8BC9CEB8-8B4A-11D0-8D11-00A0C91BC942}") = "Engine", "Source\Engine\Engine.vcxproj", "{529A773A-5D13-4E41-ACDD-3E6F07D3E1AC}"
EndProject
Global
	GlobalSection(SolutionConfigurationPlatforms) = preSolution
		Debug|x64 = Debug|x64
		Debug|x86 = Debug|x86
		Release|x64 = Release|x64
		Release|x86 = Release|x86
	EndGlobalSection
	GlobalSection(ProjectConfigurationPlatforms) = postSolution
		{876EFC80-3B66-4685-A986-D86711F55FC3}.Debug|x64.ActiveCfg = Debug|x64
		{876EFC80-3B66-4685-A986-D86711F55FC3}.Debug|x64.Build.0 = Debug|x64
		{876EFC80-3B66-4685-A986-D86711F55FC3}.Debug|x86.ActiveCfg = Debug|Win32
		{876EFC80-3B66-4685-A986-D86711F55FC3}.Debug|x86.Build.0 = Debug|Win32
		{876EFC80-3B66-4685-A986-D86711F55FC3}.Release|x64.ActiveCfg = Release|x64
		{876EFC80-3B66-4685-A986-D86711F55FC3}.Release|x64.Build.0 = Release|x64
		{876EFC80-3B66-4685-A986-D86711F55FC3}.Release|x86.ActiveCfg = Release|Win32
		{876EFC80-3B66-4685-A986-D86711F55FC3}.Release|x86.Build.0 = Release|Win32
		{529A773A-5D13-4E41-ACDD-3E6F07D3E1AC}.Debug|x64.ActiveCfg = Debug|x64
		{529A773A-5D13-4E41-ACDD-3E6F07D3E1AC}.Debug|x64.Build.0 = Debug|x64
		{529A773A-5D13-4E41-ACDD-3E6F07D3E1AC}.Debug|x86.ActiveCfg = Debug|Win32
		{529A773A-5D13-4E41-ACDD-3E6F07D3E1AC}.Debug|x86.Build.0 = Debug|Win32
		{529A773A-5D13-4E41-ACDD-3E6F07D3E1AC}.Release|x64.ActiveCfg = Release|x64
		{529A773A-5D13-4E41-ACDD-3E6F07D3E1AC}.Release|x64.Build.0 = Release|x64
		{529A773A-5D13-4E41-ACDD-3E6F07D3E1AC}.Release|x86.ActiveCfg = Release|Win32
		{529A773A-5D13-4E41-ACDD-3E6F07D3E1AC}.Release|x86.Build.0 = Release|Win32
	EndGlobalSection
	GlobalSection(SolutionProperties) = preSolution
		HideSolutionNode = FALSE
	EndGlobalSection
	GlobalSection(ExtensibilityGlobals) = postSolution
		SolutionGuid = {1F3700CA-9CD8-464D-981A-3AC2DED33086}
	EndGlobalSection
EndGlobal
